
Microsoft Visual Studio Solution File, Format Version 12.00
# Visual Studio Version 17
VisualStudioVersion = 17.4.33205.214
MinimumVisualStudioVersion = 10.0.40219.1
Project("{FAE04EC0-301F-11D3-BF4B-00C04F79EFBC}") = "serhat", "serhat\serhat.csproj", "{900CB071-DCFD-47B3-90FE-7A3A7CAAEBFD}"
EndProject
Global
	GlobalSection(SolutionConfigurationPlatforms) = preSolution
		Debug|Any CPU = Debug|Any CPU
		Release|Any CPU = Release|Any CPU
	EndGlobalSection
	GlobalSection(ProjectConfigurationPlatforms) = postSolution
		{900CB071-DCFD-47B3-90FE-7A3A7CAAEBFD}.Debug|Any CPU.ActiveCfg = Debug|Any CPU
		{900CB071-DCFD-47B3-90FE-7A3A7CAAEBFD}.Debug|Any CPU.Build.0 = Debug|Any CPU
		{900CB071-DCFD-47B3-90FE-7A3A7CAAEBFD}.Release|Any CPU.ActiveCfg = Release|Any CPU
		{900CB071-DCFD-47B3-90FE-7A3A7CAAEBFD}.Release|Any CPU.Build.0 = Release|Any CPU
	EndGlobalSection
	GlobalSection(SolutionProperties) = preSolution
		HideSolutionNode = FALSE
	EndGlobalSection
	GlobalSection(ExtensibilityGlobals) = postSolution
		SolutionGuid = {2B107DBF-8839-4025-A3E1-8F41C7590778}
	EndGlobalSection
EndGlobal
